
Microsoft Visual Studio Solution File, Format Version 12.00
# Visual Studio Version 17
VisualStudioVersion = 17.4.33205.214
MinimumVisualStudioVersion = 10.0.40219.1
Project("{9A19103F-16F7-4668-BE54-9A1E7A4F7556}") = "FLBlazorApp", "FLBlazorApp\FLBlazorApp.csproj", "{9F60484D-A81F-4B90-8E0F-4CF53D02A6C5}"
EndProject
Global
	GlobalSection(SolutionConfigurationPlatforms) = preSolution
		Debug|Any CPU = Debug|Any CPU
		Debug|x64 = Debug|x64
		Release|Any CPU = Release|Any CPU
		Release|x64 = Release|x64
	EndGlobalSection
	GlobalSection(ProjectConfigurationPlatforms) = postSolution
		{9F60484D-A81F-4B90-8E0F-4CF53D02A6C5}.Debug|Any CPU.ActiveCfg = Debug|Any CPU
		{9F60484D-A81F-4B90-8E0F-4CF53D02A6C5}.Debug|Any CPU.Build.0 = Debug|Any CPU
		{9F60484D-A81F-4B90-8E0F-4CF53D02A6C5}.Debug|x64.ActiveCfg = Debug|x64
		{9F60484D-A81F-4B90-8E0F-4CF53D02A6C5}.Debug|x64.Build.0 = Debug|x64
		{9F60484D-A81F-4B90-8E0F-4CF53D02A6C5}.Release|Any CPU.ActiveCfg = Release|Any CPU
		{9F60484D-A81F-4B90-8E0F-4CF53D02A6C5}.Release|Any CPU.Build.0 = Release|Any CPU
		{9F60484D-A81F-4B90-8E0F-4CF53D02A6C5}.Release|x64.ActiveCfg = Release|x64
		{9F60484D-A81F-4B90-8E0F-4CF53D02A6C5}.Release|x64.Build.0 = Release|x64
	EndGlobalSection
	GlobalSection(SolutionProperties) = preSolution
		HideSolutionNode = FALSE
	EndGlobalSection
	GlobalSection(ExtensibilityGlobals) = postSolution
		SolutionGuid = {D8F9FAD2-8797-4D8F-9EFD-82D0AD90534B}
	EndGlobalSection
EndGlobal
